// !$*UTF8*$!
{
	archiveVersion = 1;
	classes = {
	};
	objectVersion = 50;
	objects = {

/* Begin PBXBuildFile section */
		413B47F429D1D6AB006293B6 /* AppDelegate.swift in Sources */ = {isa = PBXBuildFile; fileRef = 413B47F329D1D6AB006293B6 /* AppDelegate.swift */; };
		413B47F629D1D6AB006293B6 /* SceneDelegate.swift in Sources */ = {isa = PBXBuildFile; fileRef = 413B47F529D1D6AB006293B6 /* SceneDelegate.swift */; };
		413B47F829D1D6AB006293B6 /* ViewController.swift in Sources */ = {isa = PBXBuildFile; fileRef = 413B47F729D1D6AB006293B6 /* ViewController.swift */; };
		413B47FB29D1D6AB006293B6 /* Main.storyboard in Resources */ = {isa = PBXBuildFile; fileRef = 413B47F929D1D6AB006293B6 /* Main.storyboard */; };
		413B47FD29D1D6B6006293B6 /* Assets.xcassets in Resources */ = {isa = PBXBuildFile; fileRef = 413B47FC29D1D6B6006293B6 /* Assets.xcassets */; };
		413B480029D1D6B6006293B6 /* LaunchScreen.storyboard in Resources */ = {isa = PBXBuildFile; fileRef = 413B47FE29D1D6B6006293B6 /* LaunchScreen.storyboard */; };
		413B480B29D1D6B7006293B6 /* constraintsTests.swift in Sources */ = {isa = PBXBuildFile; fileRef = 413B480A29D1D6B7006293B6 /* constraintsTests.swift */; };
		413B481629D1D6B7006293B6 /* constraintsUITests.swift in Sources */ = {isa = PBXBuildFile; fileRef = 413B481529D1D6B7006293B6 /* constraintsUITests.swift */; };
/* End PBXBuildFile section */

/* Begin PBXContainerItemProxy section */
		413B480729D1D6B7006293B6 /* PBXContainerItemProxy */ = {
			isa = PBXContainerItemProxy;
			containerPortal = 413B47E829D1D6AB006293B6 /* Project object */;
			proxyType = 1;
			remoteGlobalIDString = 413B47EF29D1D6AB006293B6;
			remoteInfo = constraints;
		};
		413B481229D1D6B7006293B6 /* PBXContainerItemProxy */ = {
			isa = PBXContainerItemProxy;
			containerPortal = 413B47E829D1D6AB006293B6 /* Project object */;
			proxyType = 1;
			remoteGlobalIDString = 413B47EF29D1D6AB006293B6;
			remoteInfo = constraints;
		};
/* End PBXContainerItemProxy section */

/* Begin PBXFileReference section */
		413B47F029D1D6AB006293B6 /* constraints.app */ = {isa = PBXFileReference; explicitFileType = wrapper.application; includeInIndex = 0; path = constraints.app; sourceTree = BUILT_PRODUCTS_DIR; };
		413B47F329D1D6AB006293B6 /* AppDelegate.swift */ = {isa = PBXFileReference; lastKnownFileType = sourcecode.swift; path = AppDelegate.swift; sourceTree = "<group>"; };
		413B47F529D1D6AB006293B6 /* SceneDelegate.swift */ = {isa = PBXFileReference; lastKnownFileType = sourcecode.swift; path = SceneDelegate.swift; sourceTree = "<group>"; };
		413B47F729D1D6AB006293B6 /* ViewController.swift */ = {isa = PBXFileReference; lastKnownFileType = sourcecode.swift; path = ViewController.swift; sourceTree = "<group>"; };
		413B47FA29D1D6AB006293B6 /* Base */ = {isa = PBXFileReference; lastKnownFileType = file.storyboard; name = Base; path = Base.lproj/Main.storyboard; sourceTree = "<group>"; };
		413B47FC29D1D6B6006293B6 /* Assets.xcassets */ = {isa = PBXFileReference; lastKnownFileType = folder.assetcatalog; path = Assets.xcassets; sourceTree = "<group>"; };
		413B47FF29D1D6B6006293B6 /* Base */ = {isa = PBXFileReference; lastKnownFileType = file.storyboard; name = Base; path = Base.lproj/LaunchScreen.storyboard; sourceTree = "<group>"; };
		413B480129D1D6B6006293B6 /* Info.plist */ = {isa = PBXFileReference; lastKnownFileType = text.plist.xml; path = Info.plist; sourceTree = "<group>"; };
		413B480629D1D6B7006293B6 /* constraintsTests.xctest */ = {isa = PBXFileReference; explicitFileType = wrapper.cfbundle; includeInIndex = 0; path = constraintsTests.xctest; sourceTree = BUILT_PRODUCTS_DIR; };
		413B480A29D1D6B7006293B6 /* constraintsTests.swift */ = {isa = PBXFileReference; lastKnownFileType = sourcecode.swift; path = constraintsTests.swift; sourceTree = "<group>"; };
		413B480C29D1D6B7006293B6 /* Info.plist */ = {isa = PBXFileReference; lastKnownFileType = text.plist.xml; path = Info.plist; sourceTree = "<group>"; };
		413B481129D1D6B7006293B6 /* constraintsUITests.xctest */ = {isa = PBXFileReference; explicitFileType = wrapper.cfbundle; includeInIndex = 0; path = constraintsUITests.xctest; sourceTree = BUILT_PRODUCTS_DIR; };
		413B481529D1D6B7006293B6 /* constraintsUITests.swift */ = {isa = PBXFileReference; lastKnownFileType = sourcecode.swift; path = constraintsUITests.swift; sourceTree = "<group>"; };
		413B481729D1D6B7006293B6 /* Info.plist */ = {isa = PBXFileReference; lastKnownFileType = text.plist.xml; path = Info.plist; sourceTree = "<group>"; };
/* End PBXFileReference section */

/* Begin PBXFrameworksBuildPhase section */
		413B47ED29D1D6AB006293B6 /* Frameworks */ = {
			isa = PBXFrameworksBuildPhase;
			buildActionMask = 2147483647;
			files = (
			);
			runOnlyForDeploymentPostprocessing = 0;
		};
		413B480329D1D6B7006293B6 /* Frameworks */ = {
			isa = PBXFrameworksBuildPhase;
			buildActionMask = 2147483647;
			files = (
			);
			runOnlyForDeploymentPostprocessing = 0;
		};
		413B480E29D1D6B7006293B6 /* Frameworks */ = {
			isa = PBXFrameworksBuildPhase;
			buildActionMask = 2147483647;
			files = (
			);
			runOnlyForDeploymentPostprocessing = 0;
		};
/* End PBXFrameworksBuildPhase section */

/* Begin PBXGroup section */
		413B47E729D1D6AB006293B6 = {
			isa = PBXGroup;
			children = (
				413B47F229D1D6AB006293B6 /* constraints */,
				413B480929D1D6B7006293B6 /* constraintsTests */,
				413B481429D1D6B7006293B6 /* constraintsUITests */,
				413B47F129D1D6AB006293B6 /* Products */,
			);
			sourceTree = "<group>";
		};
		413B47F129D1D6AB006293B6 /* Products */ = {
			isa = PBXGroup;
			children = (
				413B47F029D1D6AB006293B6 /* constraints.app */,
				413B480629D1D6B7006293B6 /* constraintsTests.xctest */,
				413B481129D1D6B7006293B6 /* constraintsUITests.xctest */,
			);
			name = Products;
			sourceTree = "<group>";
		};
		413B47F229D1D6AB006293B6 /* constraints */ = {
			isa = PBXGroup;
			children = (
				413B47F329D1D6AB006293B6 /* AppDelegate.swift */,
				413B47F529D1D6AB006293B6 /* SceneDelegate.swift */,
				413B47F729D1D6AB006293B6 /* ViewController.swift */,
				413B47F929D1D6AB006293B6 /* Main.storyboard */,
				413B47FC29D1D6B6006293B6 /* Assets.xcassets */,
				413B47FE29D1D6B6006293B6 /* LaunchScreen.storyboard */,
				413B480129D1D6B6006293B6 /* Info.plist */,
			);
			path = constraints;
			sourceTree = "<group>";
		};
		413B480929D1D6B7006293B6 /* constraintsTests */ = {
			isa = PBXGroup;
			children = (
				413B480A29D1D6B7006293B6 /* constraintsTests.swift */,
				413B480C29D1D6B7006293B6 /* Info.plist */,
			);
			path = constraintsTests;
			sourceTree = "<group>";
		};
		413B481429D1D6B7006293B6 /* constraintsUITests */ = {
			isa = PBXGroup;
			children = (
				413B481529D1D6B7006293B6 /* constraintsUITests.swift */,
				413B481729D1D6B7006293B6 /* Info.plist */,
			);
			path = constraintsUITests;
			sourceTree = "<group>";
		};
/* End PBXGroup section */

/* Begin PBXNativeTarget section */
		413B47EF29D1D6AB006293B6 /* constraints */ = {
			isa = PBXNativeTarget;
			buildConfigurationList = 413B481A29D1D6B7006293B6 /* Build configuration list for PBXNativeTarget "constraints" */;
			buildPhases = (
				413B47EC29D1D6AB006293B6 /* Sources */,
				413B47ED29D1D6AB006293B6 /* Frameworks */,
				413B47EE29D1D6AB006293B6 /* Resources */,
			);
			buildRules = (
			);
			dependencies = (
			);
			name = constraints;
			productName = constraints;
			productReference = 413B47F029D1D6AB006293B6 /* constraints.app */;
			productType = "com.apple.product-type.application";
		};
		413B480529D1D6B7006293B6 /* constraintsTests */ = {
			isa = PBXNativeTarget;
			buildConfigurationList = 413B481D29D1D6B7006293B6 /* Build configuration list for PBXNativeTarget "constraintsTests" */;
			buildPhases = (
				413B480229D1D6B7006293B6 /* Sources */,
				413B480329D1D6B7006293B6 /* Frameworks */,
				413B480429D1D6B7006293B6 /* Resources */,
			);
			buildRules = (
			);
			dependencies = (
				413B480829D1D6B7006293B6 /* PBXTargetDependency */,
			);
			name = constraintsTests;
			productName = constraintsTests;
			productReference = 413B480629D1D6B7006293B6 /* constraintsTests.xctest */;
			productType = "com.apple.product-type.bundle.unit-test";
		};
		413B481029D1D6B7006293B6 /* constraintsUITests */ = {
			isa = PBXNativeTarget;
			buildConfigurationList = 413B482029D1D6B7006293B6 /* Build configuration list for PBXNativeTarget "constraintsUITests" */;
			buildPhases = (
				413B480D29D1D6B7006293B6 /* Sources */,
				413B480E29D1D6B7006293B6 /* Frameworks */,
				413B480F29D1D6B7006293B6 /* Resources */,
			);
			buildRules = (
			);
			dependencies = (
				413B481329D1D6B7006293B6 /* PBXTargetDependency */,
			);
			name = constraintsUITests;
			productName = constraintsUITests;
			productReference = 413B481129D1D6B7006293B6 /* constraintsUITests.xctest */;
			productType = "com.apple.product-type.bundle.ui-testing";
		};
/* End PBXNativeTarget section */

/* Begin PBXProject section */
		413B47E829D1D6AB006293B6 /* Project object */ = {
			isa = PBXProject;
			attributes = {
				LastSwiftUpdateCheck = 1250;
				LastUpgradeCheck = 1250;
				TargetAttributes = {
					413B47EF29D1D6AB006293B6 = {
						CreatedOnToolsVersion = 12.5.1;
					};
					413B480529D1D6B7006293B6 = {
						CreatedOnToolsVersion = 12.5.1;
						TestTargetID = 413B47EF29D1D6AB006293B6;
					};
					413B481029D1D6B7006293B6 = {
						CreatedOnToolsVersion = 12.5.1;
						TestTargetID = 413B47EF29D1D6AB006293B6;
					};
				};
			};
			buildConfigurationList = 413B47EB29D1D6AB006293B6 /* Build configuration list for PBXProject "constraints" */;
			compatibilityVersion = "Xcode 9.3";
			developmentRegion = en;
			hasScannedForEncodings = 0;
			knownRegions = (
				en,
				Base,
			);
			mainGroup = 413B47E729D1D6AB006293B6;
			productRefGroup = 413B47F129D1D6AB006293B6 /* Products */;
			projectDirPath = "";
			projectRoot = "";
			targets = (
				413B47EF29D1D6AB006293B6 /* constraints */,
				413B480529D1D6B7006293B6 /* constraintsTests */,
				413B481029D1D6B7006293B6 /* constraintsUITests */,
			);
		};
/* End PBXProject section */

/* Begin PBXResourcesBuildPhase section */
		413B47EE29D1D6AB006293B6 /* Resources */ = {
			isa = PBXResourcesBuildPhase;
			buildActionMask = 2147483647;
			files = (
				413B480029D1D6B6006293B6 /* LaunchScreen.storyboard in Resources */,
				413B47FD29D1D6B6006293B6 /* Assets.xcassets in Resources */,
				413B47FB29D1D6AB006293B6 /* Main.storyboard in Resources */,
			);
			runOnlyForDeploymentPostprocessing = 0;
		};
		413B480429D1D6B7006293B6 /* Resources */ = {
			isa = PBXResourcesBuildPhase;
			buildActionMask = 2147483647;
			files = (
			);
			runOnlyForDeploymentPostprocessing = 0;
		};
		413B480F29D1D6B7006293B6 /* Resources */ = {
			isa = PBXResourcesBuildPhase;
			buildActionMask = 2147483647;
			files = (
			);
			runOnlyForDeploymentPostprocessing = 0;
		};
/* End PBXResourcesBuildPhase section */

/* Begin PBXSourcesBuildPhase section */
		413B47EC29D1D6AB006293B6 /* Sources */ = {
			isa = PBXSourcesBuildPhase;
			buildActionMask = 2147483647;
			files = (
				413B47F829D1D6AB006293B6 /* ViewController.swift in Sources */,
				413B47F429D1D6AB006293B6 /* AppDelegate.swift in Sources */,
				413B47F629D1D6AB006293B6 /* SceneDelegate.swift in Sources */,
			);
			runOnlyForDeploymentPostprocessing = 0;
		};
		413B480229D1D6B7006293B6 /* Sources */ = {
			isa = PBXSourcesBuildPhase;
			buildActionMask = 2147483647;
			files = (
				413B480B29D1D6B7006293B6 /* constraintsTests.swift in Sources */,
			);
			runOnlyForDeploymentPostprocessing = 0;
		};
		413B480D29D1D6B7006293B6 /* Sources */ = {
			isa = PBXSourcesBuildPhase;
			buildActionMask = 2147483647;
			files = (
				413B481629D1D6B7006293B6 /* constraintsUITests.swift in Sources */,
			);
			runOnlyForDeploymentPostprocessing = 0;
		};
/* End PBXSourcesBuildPhase section */

/* Begin PBXTargetDependency section */
		413B480829D1D6B7006293B6 /* PBXTargetDependency */ = {
			isa = PBXTargetDependency;
			target = 413B47EF29D1D6AB006293B6 /* constraints */;
			targetProxy = 413B480729D1D6B7006293B6 /* PBXContainerItemProxy */;
		};
		413B481329D1D6B7006293B6 /* PBXTargetDependency */ = {
			isa = PBXTargetDependency;
			target = 413B47EF29D1D6AB006293B6 /* constraints */;
			targetProxy = 413B481229D1D6B7006293B6 /* PBXContainerItemProxy */;
		};
/* End PBXTargetDependency section */

/* Begin PBXVariantGroup section */
		413B47F929D1D6AB006293B6 /* Main.storyboard */ = {
			isa = PBXVariantGroup;
			children = (
				413B47FA29D1D6AB006293B6 /* Base */,
			);
			name = Main.storyboard;
			sourceTree = "<group>";
		};
		413B47FE29D1D6B6006293B6 /* LaunchScreen.storyboard */ = {
			isa = PBXVariantGroup;
			children = (
				413B47FF29D1D6B6006293B6 /* Base */,
			);
			name = LaunchScreen.storyboard;
			sourceTree = "<group>";
		};
/* End PBXVariantGroup section */

/* Begin XCBuildConfiguration section */
		413B481829D1D6B7006293B6 /* Debug */ = {
			isa = XCBuildConfiguration;
			buildSettings = {
				ALWAYS_SEARCH_USER_PATHS = NO;
				CLANG_ANALYZER_NONNULL = YES;
				CLANG_ANALYZER_NUMBER_OBJECT_CONVERSION = YES_AGGRESSIVE;
				CLANG_CXX_LANGUAGE_STANDARD = "gnu++14";
				CLANG_CXX_LIBRARY = "libc++";
				CLANG_ENABLE_MODULES = YES;
				CLANG_ENABLE_OBJC_ARC = YES;
				CLANG_ENABLE_OBJC_WEAK = YES;
				CLANG_WARN_BLOCK_CAPTURE_AUTORELEASING = YES;
				CLANG_WARN_BOOL_CONVERSION = YES;
				CLANG_WARN_COMMA = YES;
				CLANG_WARN_CONSTANT_CONVERSION = YES;
				CLANG_WARN_DEPRECATED_OBJC_IMPLEMENTATIONS = YES;
				CLANG_WARN_DIRECT_OBJC_ISA_USAGE = YES_ERROR;
				CLANG_WARN_DOCUMENTATION_COMMENTS = YES;
				CLANG_WARN_EMPTY_BODY = YES;
				CLANG_WARN_ENUM_CONVERSION = YES;
				CLANG_WARN_INFINITE_RECURSION = YES;
				CLANG_WARN_INT_CONVERSION = YES;
				CLANG_WARN_NON_LITERAL_NULL_CONVERSION = YES;
				CLANG_WARN_OBJC_IMPLICIT_RETAIN_SELF = YES;
				CLANG_WARN_OBJC_LITERAL_CONVERSION = YES;
				CLANG_WARN_OBJC_ROOT_CLASS = YES_ERROR;
				CLANG_WARN_QUOTED_INCLUDE_IN_FRAMEWORK_HEADER = YES;
				CLANG_WARN_RANGE_LOOP_ANALYSIS = YES;
				CLANG_WARN_STRICT_PROTOTYPES = YES;
				CLANG_WARN_SUSPICIOUS_MOVE = YES;
				CLANG_WARN_UNGUARDED_AVAILABILITY = YES_AGGRESSIVE;
				CLANG_WARN_UNREACHABLE_CODE = YES;
				CLANG_WARN__DUPLICATE_METHOD_MATCH = YES;
				COPY_PHASE_STRIP = NO;
				DEBUG_INFORMATION_FORMAT = dwarf;
				ENABLE_STRICT_OBJC_MSGSEND = YES;
				ENABLE_TESTABILITY = YES;
				GCC_C_LANGUAGE_STANDARD = gnu11;
				GCC_DYNAMIC_NO_PIC = NO;
				GCC_NO_COMMON_BLOCKS = YES;
				GCC_OPTIMIZATION_LEVEL = 0;
				GCC_PREPROCESSOR_DEFINITIONS = (
					"DEBUG=1",
					"$(inherited)",
				);
				GCC_WARN_64_TO_32_BIT_CONVERSION = YES;
				GCC_WARN_ABOUT_RETURN_TYPE = YES_ERROR;
				GCC_WARN_UNDECLARED_SELECTOR = YES;
				GCC_WARN_UNINITIALIZED_AUTOS = YES_AGGRESSIVE;
				GCC_WARN_UNUSED_FUNCTION = YES;
				GCC_WARN_UNUSED_VARIABLE = YES;
				IPHONEOS_DEPLOYMENT_TARGET = 14.5;
				MTL_ENABLE_DEBUG_INFO = INCLUDE_SOURCE;
				MTL_FAST_MATH = YES;
				ONLY_ACTIVE_ARCH = YES;
				SDKROOT = iphoneos;
				SWIFT_ACTIVE_COMPILATION_CONDITIONS = DEBUG;
				SWIFT_OPTIMIZATION_LEVEL = "-Onone";
			};
			name = Debug;
		};
		413B481929D1D6B7006293B6 /* Release */ = {
			isa = XCBuildConfiguration;
			buildSettings = {
				ALWAYS_SEARCH_USER_PATHS = NO;
				CLANG_ANALYZER_NONNULL = YES;
				CLANG_ANALYZER_NUMBER_OBJECT_CONVERSION = YES_AGGRESSIVE;
				CLANG_CXX_LANGUAGE_STANDARD = "gnu++14";
				CLANG_CXX_LIBRARY = "libc++";
				CLANG_ENABLE_MODULES = YES;
				CLANG_ENABLE_OBJC_ARC = YES;
				CLANG_ENABLE_OBJC_WEAK = YES;
				CLANG_WARN_BLOCK_CAPTURE_AUTORELEASING = YES;
				CLANG_WARN_BOOL_CONVERSION = YES;
				CLANG_WARN_COMMA = YES;
				CLANG_WARN_CONSTANT_CONVERSION = YES;
				CLANG_WARN_DEPRECATED_OBJC_IMPLEMENTATIONS = YES;
				CLANG_WARN_DIRECT_OBJC_ISA_USAGE = YES_ERROR;
				CLANG_WARN_DOCUMENTATION_COMMENTS = YES;
				CLANG_WARN_EMPTY_BODY = YES;
				CLANG_WARN_ENUM_CONVERSION = YES;
				CLANG_WARN_INFINITE_RECURSION = YES;
				CLANG_WARN_INT_CONVERSION = YES;
				CLANG_WARN_NON_LITERAL_NULL_CONVERSION = YES;
				CLANG_WARN_OBJC_IMPLICIT_RETAIN_SELF = YES;
				CLANG_WARN_OBJC_LITERAL_CONVERSION = YES;
				CLANG_WARN_OBJC_ROOT_CLASS = YES_ERROR;
				CLANG_WARN_QUOTED_INCLUDE_IN_FRAMEWORK_HEADER = YES;
				CLANG_WARN_RANGE_LOOP_ANALYSIS = YES;
				CLANG_WARN_STRICT_PROTOTYPES = YES;
				CLANG_WARN_SUSPICIOUS_MOVE = YES;
				CLANG_WARN_UNGUARDED_AVAILABILITY = YES_AGGRESSIVE;
				CLANG_WARN_UNREACHABLE_CODE = YES;
				CLANG_WARN__DUPLICATE_METHOD_MATCH = YES;
				COPY_PHASE_STRIP = NO;
				DEBUG_INFORMATION_FORMAT = "dwarf-with-dsym";
				ENABLE_NS_ASSERTIONS = NO;
				ENABLE_STRICT_OBJC_MSGSEND = YES;
				GCC_C_LANGUAGE_STANDARD = gnu11;
				GCC_NO_COMMON_BLOCKS = YES;
				GCC_WARN_64_TO_32_BIT_CONVERSION = YES;
				GCC_WARN_ABOUT_RETURN_TYPE = YES_ERROR;
				GCC_WARN_UNDECLARED_SELECTOR = YES;
				GCC_WARN_UNINITIALIZED_AUTOS = YES_AGGRESSIVE;
				GCC_WARN_UNUSED_FUNCTION = YES;
				GCC_WARN_UNUSED_VARIABLE = YES;
				IPHONEOS_DEPLOYMENT_TARGET = 14.5;
				MTL_ENABLE_DEBUG_INFO = NO;
				MTL_FAST_MATH = YES;
				SDKROOT = iphoneos;
				SWIFT_COMPILATION_MODE = wholemodule;
				SWIFT_OPTIMIZATION_LEVEL = "-O";
				VALIDATE_PRODUCT = YES;
			};
			name = Release;
		};
		413B481B29D1D6B7006293B6 /* Debug */ = {
			isa = XCBuildConfiguration;
			buildSettings = {
				ASSETCATALOG_COMPILER_APPICON_NAME = AppIcon;
				ASSETCATALOG_COMPILER_GLOBAL_ACCENT_COLOR_NAME = AccentColor;
				CODE_SIGN_STYLE = Automatic;
				INFOPLIST_FILE = constraints/Info.plist;
				LD_RUNPATH_SEARCH_PATHS = (
					"$(inherited)",
					"@executable_path/Frameworks",
				);
				PRODUCT_BUNDLE_IDENTIFIER = harshil.constraints;
				PRODUCT_NAME = "$(TARGET_NAME)";
				SWIFT_VERSION = 5.0;
				TARGETED_DEVICE_FAMILY = "1,2";
			};
			name = Debug;
		};
		413B481C29D1D6B7006293B6 /* Release */ = {
			isa = XCBuildConfiguration;
			buildSettings = {
				ASSETCATALOG_COMPILER_APPICON_NAME = AppIcon;
				ASSETCATALOG_COMPILER_GLOBAL_ACCENT_COLOR_NAME = AccentColor;
				CODE_SIGN_STYLE = Automatic;
				INFOPLIST_FILE = constraints/Info.plist;
				LD_RUNPATH_SEARCH_PATHS = (
					"$(inherited)",
					"@executable_path/Frameworks",
				);
				PRODUCT_BUNDLE_IDENTIFIER = harshil.constraints;
				PRODUCT_NAME = "$(TARGET_NAME)";
				SWIFT_VERSION = 5.0;
				TARGETED_DEVICE_FAMILY = "1,2";
			};
			name = Release;
		};
		413B481E29D1D6B7006293B6 /* Debug */ = {
			isa = XCBuildConfiguration;
			buildSettings = {
				ALWAYS_EMBED_SWIFT_STANDARD_LIBRARIES = YES;
				BUNDLE_LOADER = "$(TEST_HOST)";
				CODE_SIGN_STYLE = Automatic;
				INFOPLIST_FILE = constraintsTests/Info.plist;
				IPHONEOS_DEPLOYMENT_TARGET = 14.5;
				LD_RUNPATH_SEARCH_PATHS = (
					"$(inherited)",
					"@executable_path/Frameworks",
					"@loader_path/Frameworks",
				);
				PRODUCT_BUNDLE_IDENTIFIER = harshil.constraintsTests;
				PRODUCT_NAME = "$(TARGET_NAME)";
				SWIFT_VERSION = 5.0;
				TARGETED_DEVICE_FAMILY = "1,2";
				TEST_HOST = "$(BUILT_PRODUCTS_DIR)/constraints.app/constraints";
			};
			name = Debug;
		};
		413B481F29D1D6B7006293B6 /* Release */ = {
			isa = XCBuildConfiguration;
			buildSettings = {
				ALWAYS_EMBED_SWIFT_STANDARD_LIBRARIES = YES;
				BUNDLE_LOADER = "$(TEST_HOST)";
				CODE_SIGN_STYLE = Automatic;
				INFOPLIST_FILE = constraintsTests/Info.plist;
				IPHONEOS_DEPLOYMENT_TARGET = 14.5;
				LD_RUNPATH_SEARCH_PATHS = (
					"$(inherited)",
					"@executable_path/Frameworks",
					"@loader_path/Frameworks",
				);
				PRODUCT_BUNDLE_IDENTIFIER = harshil.constraintsTests;
				PRODUCT_NAME = "$(TARGET_NAME)";
				SWIFT_VERSION = 5.0;
				TARGETED_DEVICE_FAMILY = "1,2";
				TEST_HOST = "$(BUILT_PRODUCTS_DIR)/constraints.app/constraints";
			};
			name = Release;
		};
		413B482129D1D6B7006293B6 /* Debug */ = {
			isa = XCBuildConfiguration;
			buildSettings = {
				ALWAYS_EMBED_SWIFT_STANDARD_LIBRARIES = YES;
				CODE_SIGN_STYLE = Automatic;
				INFOPLIST_FILE = constraintsUITests/Info.plist;
				LD_RUNPATH_SEARCH_PATHS = (
					"$(inherited)",
					"@executable_path/Frameworks",
					"@loader_path/Frameworks",
				);
				PRODUCT_BUNDLE_IDENTIFIER = harshil.constraintsUITests;
				PRODUCT_NAME = "$(TARGET_NAME)";
				SWIFT_VERSION = 5.0;
				TARGETED_DEVICE_FAMILY = "1,2";
				TEST_TARGET_NAME = constraints;
			};
			name = Debug;
		};
		413B482229D1D6B7006293B6 /* Release */ = {
			isa = XCBuildConfiguration;
			buildSettings = {
				ALWAYS_EMBED_SWIFT_STANDARD_LIBRARIES = YES;
				CODE_SIGN_STYLE = Automatic;
				INFOPLIST_FILE = constraintsUITests/Info.plist;
				LD_RUNPATH_SEARCH_PATHS = (
					"$(inherited)",
					"@executable_path/Frameworks",
					"@loader_path/Frameworks",
				);
				PRODUCT_BUNDLE_IDENTIFIER = harshil.constraintsUITests;
				PRODUCT_NAME = "$(TARGET_NAME)";
				SWIFT_VERSION = 5.0;
				TARGETED_DEVICE_FAMILY = "1,2";
				TEST_TARGET_NAME = constraints;
			};
			name = Release;
		};
/* End XCBuildConfiguration section */

/* Begin XCConfigurationList section */
		413B47EB29D1D6AB006293B6 /* Build configuration list for PBXProject "constraints" */ = {
			isa = XCConfigurationList;
			buildConfigurations = (
				413B481829D1D6B7006293B6 /* Debug */,
				413B481929D1D6B7006293B6 /* Release */,
			);
			defaultConfigurationIsVisible = 0;
			defaultConfigurationName = Release;
		};
		413B481A29D1D6B7006293B6 /* Build configuration list for PBXNativeTarget "constraints" */ = {
			isa = XCConfigurationList;
			buildConfigurations = (
				413B481B29D1D6B7006293B6 /* Debug */,
				413B481C29D1D6B7006293B6 /* Release */,
			);
			defaultConfigurationIsVisible = 0;
			defaultConfigurationName = Release;
		};
		413B481D29D1D6B7006293B6 /* Build configuration list for PBXNativeTarget "constraintsTests" */ = {
			isa = XCConfigurationList;
			buildConfigurations = (
				413B481E29D1D6B7006293B6 /* Debug */,
				413B481F29D1D6B7006293B6 /* Release */,
			);
			defaultConfigurationIsVisible = 0;
			defaultConfigurationName = Release;
		};
		413B482029D1D6B7006293B6 /* Build configuration list for PBXNativeTarget "constraintsUITests" */ = {
			isa = XCConfigurationList;
			buildConfigurations = (
				413B482129D1D6B7006293B6 /* Debug */,
				413B482229D1D6B7006293B6 /* Release */,
			);
			defaultConfigurationIsVisible = 0;
			defaultConfigurationName = Release;
		};
/* End XCConfigurationList section */
	};
	rootObject = 413B47E829D1D6AB006293B6 /* Project object */;
}
